
Microsoft Visual Studio Solution File, Format Version 12.00
# Visual Studio Version 16
VisualStudioVersion = 16.0.29709.97
MinimumVisualStudioVersion = 15.0.26124.0
Project("{9A19103F-16F7-4668-BE54-9A1E7A4F7556}") = "Stefanini.DemoApp.Domain", "Stefanini.DemoApp.Domain\Stefanini.DemoApp.Domain.csproj", "{279B87D9-C627-4116-B0AF-5B956973782D}"
EndProject
Project("{2150E333-8FDC-42A3-9474-1A3956D46DE8}") = "Shared", "Shared", "{408EB1E5-21FC-4427-ACA7-D3065685472B}"
EndProject
Project("{9A19103F-16F7-4668-BE54-9A1E7A4F7556}") = "Stefanini.Common", "Shared\Stefanini.Common\Stefanini.Common.csproj", "{57E39284-8B97-4E3C-8FA6-865F2B1D04E2}"
EndProject
Project("{9A19103F-16F7-4668-BE54-9A1E7A4F7556}") = "Stefanini.Business", "Shared\Stefanini.Business\Stefanini.Business.csproj", "{90AD0C73-ACE9-4C3F-A355-94433CFBCCAC}"
EndProject
Project("{9A19103F-16F7-4668-BE54-9A1E7A4F7556}") = "Stefanini.Domain", "Shared\Stefanini.Domain\Stefanini.Domain.csproj", "{17DBC4A7-3253-4638-A723-B58820A4D49E}"
EndProject
Project("{9A19103F-16F7-4668-BE54-9A1E7A4F7556}") = "Stefanini.Log", "Shared\Stefanini.Log\Stefanini.Log.csproj", "{4A4B28FE-DAEB-48A1-A60B-FC6CB9C03BE5}"
EndProject
Project("{9A19103F-16F7-4668-BE54-9A1E7A4F7556}") = "Stefanini.Repository", "Shared\Stefanini.Repository\Stefanini.Repository.csproj", "{2F13A797-A9D5-4670-BF2F-6AF5F5C56062}"
EndProject
Project("{9A19103F-16F7-4668-BE54-9A1E7A4F7556}") = "Stefanini.Web", "Shared\Stefanini.Web\Stefanini.Web.csproj", "{6A8A878C-B08C-4BC4-92B1-E7706B014A29}"
EndProject
Project("{9A19103F-16F7-4668-BE54-9A1E7A4F7556}") = "Stefanini.DemoApp.Infrastructure.Data", "Stefanini.DemoApp.Infrastructure.Data\Stefanini.DemoApp.Infrastructure.Data.csproj", "{57BE572C-AE4F-4489-BB39-82BF8EDDD8E4}"
EndProject
Project("{9A19103F-16F7-4668-BE54-9A1E7A4F7556}") = "Stefanini.DemoApp.CrossCutting", "Stefanini.DemoApp.CrossCutting\Stefanini.DemoApp.CrossCutting.csproj", "{B22FC156-5BF0-442C-A313-340051257A3C}"
EndProject
Project("{9A19103F-16F7-4668-BE54-9A1E7A4F7556}") = "Stefanini.DemoApp.Api", "Stefanini.DemoApp.Api\Stefanini.DemoApp.Api.csproj", "{40EF2B64-5DDA-4D7A-BEE4-0C9A84202499}"
EndProject
Project("{E53339B2-1760-4266-BCC7-CA923CBCF16C}") = "docker-compose", "docker-compose.dcproj", "{C881905C-8C01-4562-93A1-15AC0D4AAAE4}"
EndProject
Project("{9A19103F-16F7-4668-BE54-9A1E7A4F7556}") = "Stefanini.DemoApp.Application", "Stefanini.DemoApp.Application\Stefanini.DemoApp.Application.csproj", "{93BC66B4-EAB5-4A30-9DD2-0A8473F18F30}"
EndProject
Project("{9A19103F-16F7-4668-BE54-9A1E7A4F7556}") = "Stefanini.Repository.EntityFramework", "Shared\Stefanini.Repository.EntityFramework\Stefanini.Repository.EntityFramework.csproj", "{AB05EF7F-62FE-42B9-9090-88A3297686D2}"
EndProject
Project("{2150E333-8FDC-42A3-9474-1A3956D46DE8}") = "Infrastructure", "Infrastructure", "{F8B22923-7B16-4042-A66B-186C83409235}"
EndProject
Project("{9A19103F-16F7-4668-BE54-9A1E7A4F7556}") = "Stefanini.Application", "Shared\Stefanini.Application\Stefanini.Application.csproj", "{B198444C-D7D5-4E46-9110-8EA90B3CB895}"
EndProject
Project("{2150E333-8FDC-42A3-9474-1A3956D46DE8}") = "Tests", "Tests", "{74DDE3CB-D21E-4530-BB00-8DC0F620D318}"
EndProject
Project("{FAE04EC0-301F-11D3-BF4B-00C04F79EFBC}") = "Stefanini.Tests.Unity", "Stefanini.Tests.Unity\Stefanini.Tests.Unity.csproj", "{38F8EFEA-A174-4476-ACAA-C5648098BAE2}"
EndProject
Global
	GlobalSection(SolutionConfigurationPlatforms) = preSolution
		Debug|Any CPU = Debug|Any CPU
		Debug|x64 = Debug|x64
		Debug|x86 = Debug|x86
		Release|Any CPU = Release|Any CPU
		Release|x64 = Release|x64
		Release|x86 = Release|x86
	EndGlobalSection
	GlobalSection(ProjectConfigurationPlatforms) = postSolution
		{279B87D9-C627-4116-B0AF-5B956973782D}.Debug|Any CPU.ActiveCfg = Debug|Any CPU
		{279B87D9-C627-4116-B0AF-5B956973782D}.Debug|Any CPU.Build.0 = Debug|Any CPU
		{279B87D9-C627-4116-B0AF-5B956973782D}.Debug|x64.ActiveCfg = Debug|Any CPU
		{279B87D9-C627-4116-B0AF-5B956973782D}.Debug|x64.Build.0 = Debug|Any CPU
		{279B87D9-C627-4116-B0AF-5B956973782D}.Debug|x86.ActiveCfg = Debug|Any CPU
		{279B87D9-C627-4116-B0AF-5B956973782D}.Debug|x86.Build.0 = Debug|Any CPU
		{279B87D9-C627-4116-B0AF-5B956973782D}.Release|Any CPU.ActiveCfg = Release|Any CPU
		{279B87D9-C627-4116-B0AF-5B956973782D}.Release|Any CPU.Build.0 = Release|Any CPU
		{279B87D9-C627-4116-B0AF-5B956973782D}.Release|x64.ActiveCfg = Release|Any CPU
		{279B87D9-C627-4116-B0AF-5B956973782D}.Release|x64.Build.0 = Release|Any CPU
		{279B87D9-C627-4116-B0AF-5B956973782D}.Release|x86.ActiveCfg = Release|Any CPU
		{279B87D9-C627-4116-B0AF-5B956973782D}.Release|x86.Build.0 = Release|Any CPU
		{57E39284-8B97-4E3C-8FA6-865F2B1D04E2}.Debug|Any CPU.ActiveCfg = Debug|Any CPU
		{57E39284-8B97-4E3C-8FA6-865F2B1D04E2}.Debug|Any CPU.Build.0 = Debug|Any CPU
		{57E39284-8B97-4E3C-8FA6-865F2B1D04E2}.Debug|x64.ActiveCfg = Debug|Any CPU
		{57E39284-8B97-4E3C-8FA6-865F2B1D04E2}.Debug|x64.Build.0 = Debug|Any CPU
		{57E39284-8B97-4E3C-8FA6-865F2B1D04E2}.Debug|x86.ActiveCfg = Debug|Any CPU
		{57E39284-8B97-4E3C-8FA6-865F2B1D04E2}.Debug|x86.Build.0 = Debug|Any CPU
		{57E39284-8B97-4E3C-8FA6-865F2B1D04E2}.Release|Any CPU.ActiveCfg = Release|Any CPU
		{57E39284-8B97-4E3C-8FA6-865F2B1D04E2}.Release|Any CPU.Build.0 = Release|Any CPU
		{57E39284-8B97-4E3C-8FA6-865F2B1D04E2}.Release|x64.ActiveCfg = Release|Any CPU
		{57E39284-8B97-4E3C-8FA6-865F2B1D04E2}.Release|x64.Build.0 = Release|Any CPU
		{57E39284-8B97-4E3C-8FA6-865F2B1D04E2}.Release|x86.ActiveCfg = Release|Any CPU
		{57E39284-8B97-4E3C-8FA6-865F2B1D04E2}.Release|x86.Build.0 = Release|Any CPU
		{90AD0C73-ACE9-4C3F-A355-94433CFBCCAC}.Debug|Any CPU.ActiveCfg = Debug|Any CPU
		{90AD0C73-ACE9-4C3F-A355-94433CFBCCAC}.Debug|Any CPU.Build.0 = Debug|Any CPU
		{90AD0C73-ACE9-4C3F-A355-94433CFBCCAC}.Debug|x64.ActiveCfg = Debug|Any CPU
		{90AD0C73-ACE9-4C3F-A355-94433CFBCCAC}.Debug|x64.Build.0 = Debug|Any CPU
		{90AD0C73-ACE9-4C3F-A355-94433CFBCCAC}.Debug|x86.ActiveCfg = Debug|Any CPU
		{90AD0C73-ACE9-4C3F-A355-94433CFBCCAC}.Debug|x86.Build.0 = Debug|Any CPU
		{90AD0C73-ACE9-4C3F-A355-94433CFBCCAC}.Release|Any CPU.ActiveCfg = Release|Any CPU
		{90AD0C73-ACE9-4C3F-A355-94433CFBCCAC}.Release|Any CPU.Build.0 = Release|Any CPU
		{90AD0C73-ACE9-4C3F-A355-94433CFBCCAC}.Release|x64.ActiveCfg = Release|Any CPU
		{90AD0C73-ACE9-4C3F-A355-94433CFBCCAC}.Release|x64.Build.0 = Release|Any CPU
		{90AD0C73-ACE9-4C3F-A355-94433CFBCCAC}.Release|x86.ActiveCfg = Release|Any CPU
		{90AD0C73-ACE9-4C3F-A355-94433CFBCCAC}.Release|x86.Build.0 = Release|Any CPU
		{17DBC4A7-3253-4638-A723-B58820A4D49E}.Debug|Any CPU.ActiveCfg = Debug|Any CPU
		{17DBC4A7-3253-4638-A723-B58820A4D49E}.Debug|Any CPU.Build.0 = Debug|Any CPU
		{17DBC4A7-3253-4638-A723-B58820A4D49E}.Debug|x64.ActiveCfg = Debug|Any CPU
		{17DBC4A7-3253-4638-A723-B58820A4D49E}.Debug|x64.Build.0 = Debug|Any CPU
		{17DBC4A7-3253-4638-A723-B58820A4D49E}.Debug|x86.ActiveCfg = Debug|Any CPU
		{17DBC4A7-3253-4638-A723-B58820A4D49E}.Debug|x86.Build.0 = Debug|Any CPU
		{17DBC4A7-3253-4638-A723-B58820A4D49E}.Release|Any CPU.ActiveCfg = Release|Any CPU
		{17DBC4A7-3253-4638-A723-B58820A4D49E}.Release|Any CPU.Build.0 = Release|Any CPU
		{17DBC4A7-3253-4638-A723-B58820A4D49E}.Release|x64.ActiveCfg = Release|Any CPU
		{17DBC4A7-3253-4638-A723-B58820A4D49E}.Release|x64.Build.0 = Release|Any CPU
		{17DBC4A7-3253-4638-A723-B58820A4D49E}.Release|x86.ActiveCfg = Release|Any CPU
		{17DBC4A7-3253-4638-A723-B58820A4D49E}.Release|x86.Build.0 = Release|Any CPU
		{4A4B28FE-DAEB-48A1-A60B-FC6CB9C03BE5}.Debug|Any CPU.ActiveCfg = Debug|Any CPU
		{4A4B28FE-DAEB-48A1-A60B-FC6CB9C03BE5}.Debug|Any CPU.Build.0 = Debug|Any CPU
		{4A4B28FE-DAEB-48A1-A60B-FC6CB9C03BE5}.Debug|x64.ActiveCfg = Debug|Any CPU
		{4A4B28FE-DAEB-48A1-A60B-FC6CB9C03BE5}.Debug|x64.Build.0 = Debug|Any CPU
		{4A4B28FE-DAEB-48A1-A60B-FC6CB9C03BE5}.Debug|x86.ActiveCfg = Debug|Any CPU
		{4A4B28FE-DAEB-48A1-A60B-FC6CB9C03BE5}.Debug|x86.Build.0 = Debug|Any CPU
		{4A4B28FE-DAEB-48A1-A60B-FC6CB9C03BE5}.Release|Any CPU.ActiveCfg = Release|Any CPU
		{4A4B28FE-DAEB-48A1-A60B-FC6CB9C03BE5}.Release|Any CPU.Build.0 = Release|Any CPU
		{4A4B28FE-DAEB-48A1-A60B-FC6CB9C03BE5}.Release|x64.ActiveCfg = Release|Any CPU
		{4A4B28FE-DAEB-48A1-A60B-FC6CB9C03BE5}.Release|x64.Build.0 = Release|Any CPU
		{4A4B28FE-DAEB-48A1-A60B-FC6CB9C03BE5}.Release|x86.ActiveCfg = Release|Any CPU
		{4A4B28FE-DAEB-48A1-A60B-FC6CB9C03BE5}.Release|x86.Build.0 = Release|Any CPU
		{2F13A797-A9D5-4670-BF2F-6AF5F5C56062}.Debug|Any CPU.ActiveCfg = Debug|Any CPU
		{2F13A797-A9D5-4670-BF2F-6AF5F5C56062}.Debug|Any CPU.Build.0 = Debug|Any CPU
		{2F13A797-A9D5-4670-BF2F-6AF5F5C56062}.Debug|x64.ActiveCfg = Debug|Any CPU
		{2F13A797-A9D5-4670-BF2F-6AF5F5C56062}.Debug|x64.Build.0 = Debug|Any CPU
		{2F13A797-A9D5-4670-BF2F-6AF5F5C56062}.Debug|x86.ActiveCfg = Debug|Any CPU
		{2F13A797-A9D5-4670-BF2F-6AF5F5C56062}.Debug|x86.Build.0 = Debug|Any CPU
		{2F13A797-A9D5-4670-BF2F-6AF5F5C56062}.Release|Any CPU.ActiveCfg = Release|Any CPU
		{2F13A797-A9D5-4670-BF2F-6AF5F5C56062}.Release|Any CPU.Build.0 = Release|Any CPU
		{2F13A797-A9D5-4670-BF2F-6AF5F5C56062}.Release|x64.ActiveCfg = Release|Any CPU
		{2F13A797-A9D5-4670-BF2F-6AF5F5C56062}.Release|x64.Build.0 = Release|Any CPU
		{2F13A797-A9D5-4670-BF2F-6AF5F5C56062}.Release|x86.ActiveCfg = Release|Any CPU
		{2F13A797-A9D5-4670-BF2F-6AF5F5C56062}.Release|x86.Build.0 = Release|Any CPU
		{6A8A878C-B08C-4BC4-92B1-E7706B014A29}.Debug|Any CPU.ActiveCfg = Debug|Any CPU
		{6A8A878C-B08C-4BC4-92B1-E7706B014A29}.Debug|Any CPU.Build.0 = Debug|Any CPU
		{6A8A878C-B08C-4BC4-92B1-E7706B014A29}.Debug|x64.ActiveCfg = Debug|Any CPU
		{6A8A878C-B08C-4BC4-92B1-E7706B014A29}.Debug|x64.Build.0 = Debug|Any CPU
		{6A8A878C-B08C-4BC4-92B1-E7706B014A29}.Debug|x86.ActiveCfg = Debug|Any CPU
		{6A8A878C-B08C-4BC4-92B1-E7706B014A29}.Debug|x86.Build.0 = Debug|Any CPU
		{6A8A878C-B08C-4BC4-92B1-E7706B014A29}.Release|Any CPU.ActiveCfg = Release|Any CPU
		{6A8A878C-B08C-4BC4-92B1-E7706B014A29}.Release|Any CPU.Build.0 = Release|Any CPU
		{6A8A878C-B08C-4BC4-92B1-E7706B014A29}.Release|x64.ActiveCfg = Release|Any CPU
		{6A8A878C-B08C-4BC4-92B1-E7706B014A29}.Release|x64.Build.0 = Release|Any CPU
		{6A8A878C-B08C-4BC4-92B1-E7706B014A29}.Release|x86.ActiveCfg = Release|Any CPU
		{6A8A878C-B08C-4BC4-92B1-E7706B014A29}.Release|x86.Build.0 = Release|Any CPU
		{57BE572C-AE4F-4489-BB39-82BF8EDDD8E4}.Debug|Any CPU.ActiveCfg = Debug|Any CPU
		{57BE572C-AE4F-4489-BB39-82BF8EDDD8E4}.Debug|Any CPU.Build.0 = Debug|Any CPU
		{57BE572C-AE4F-4489-BB39-82BF8EDDD8E4}.Debug|x64.ActiveCfg = Debug|Any CPU
		{57BE572C-AE4F-4489-BB39-82BF8EDDD8E4}.Debug|x64.Build.0 = Debug|Any CPU
		{57BE572C-AE4F-4489-BB39-82BF8EDDD8E4}.Debug|x86.ActiveCfg = Debug|Any CPU
		{57BE572C-AE4F-4489-BB39-82BF8EDDD8E4}.Debug|x86.Build.0 = Debug|Any CPU
		{57BE572C-AE4F-4489-BB39-82BF8EDDD8E4}.Release|Any CPU.ActiveCfg = Release|Any CPU
		{57BE572C-AE4F-4489-BB39-82BF8EDDD8E4}.Release|Any CPU.Build.0 = Release|Any CPU
		{57BE572C-AE4F-4489-BB39-82BF8EDDD8E4}.Release|x64.ActiveCfg = Release|Any CPU
		{57BE572C-AE4F-4489-BB39-82BF8EDDD8E4}.Release|x64.Build.0 = Release|Any CPU
		{57BE572C-AE4F-4489-BB39-82BF8EDDD8E4}.Release|x86.ActiveCfg = Release|Any CPU
		{57BE572C-AE4F-4489-BB39-82BF8EDDD8E4}.Release|x86.Build.0 = Release|Any CPU
		{B22FC156-5BF0-442C-A313-340051257A3C}.Debug|Any CPU.ActiveCfg = Debug|Any CPU
		{B22FC156-5BF0-442C-A313-340051257A3C}.Debug|Any CPU.Build.0 = Debug|Any CPU
		{B22FC156-5BF0-442C-A313-340051257A3C}.Debug|x64.ActiveCfg = Debug|Any CPU
		{B22FC156-5BF0-442C-A313-340051257A3C}.Debug|x64.Build.0 = Debug|Any CPU
		{B22FC156-5BF0-442C-A313-340051257A3C}.Debug|x86.ActiveCfg = Debug|Any CPU
		{B22FC156-5BF0-442C-A313-340051257A3C}.Debug|x86.Build.0 = Debug|Any CPU
		{B22FC156-5BF0-442C-A313-340051257A3C}.Release|Any CPU.ActiveCfg = Release|Any CPU
		{B22FC156-5BF0-442C-A313-340051257A3C}.Release|Any CPU.Build.0 = Release|Any CPU
		{B22FC156-5BF0-442C-A313-340051257A3C}.Release|x64.ActiveCfg = Release|Any CPU
		{B22FC156-5BF0-442C-A313-340051257A3C}.Release|x64.Build.0 = Release|Any CPU
		{B22FC156-5BF0-442C-A313-340051257A3C}.Release|x86.ActiveCfg = Release|Any CPU
		{B22FC156-5BF0-442C-A313-340051257A3C}.Release|x86.Build.0 = Release|Any CPU
		{40EF2B64-5DDA-4D7A-BEE4-0C9A84202499}.Debug|Any CPU.ActiveCfg = Debug|Any CPU
		{40EF2B64-5DDA-4D7A-BEE4-0C9A84202499}.Debug|Any CPU.Build.0 = Debug|Any CPU
		{40EF2B64-5DDA-4D7A-BEE4-0C9A84202499}.Debug|x64.ActiveCfg = Debug|Any CPU
		{40EF2B64-5DDA-4D7A-BEE4-0C9A84202499}.Debug|x64.Build.0 = Debug|Any CPU
		{40EF2B64-5DDA-4D7A-BEE4-0C9A84202499}.Debug|x86.ActiveCfg = Debug|Any CPU
		{40EF2B64-5DDA-4D7A-BEE4-0C9A84202499}.Debug|x86.Build.0 = Debug|Any CPU
		{40EF2B64-5DDA-4D7A-BEE4-0C9A84202499}.Release|Any CPU.ActiveCfg = Release|Any CPU
		{40EF2B64-5DDA-4D7A-BEE4-0C9A84202499}.Release|Any CPU.Build.0 = Release|Any CPU
		{40EF2B64-5DDA-4D7A-BEE4-0C9A84202499}.Release|x64.ActiveCfg = Release|Any CPU
		{40EF2B64-5DDA-4D7A-BEE4-0C9A84202499}.Release|x64.Build.0 = Release|Any CPU
		{40EF2B64-5DDA-4D7A-BEE4-0C9A84202499}.Release|x86.ActiveCfg = Release|Any CPU
		{40EF2B64-5DDA-4D7A-BEE4-0C9A84202499}.Release|x86.Build.0 = Release|Any CPU
		{C881905C-8C01-4562-93A1-15AC0D4AAAE4}.Debug|Any CPU.ActiveCfg = Debug|Any CPU
		{C881905C-8C01-4562-93A1-15AC0D4AAAE4}.Debug|Any CPU.Build.0 = Debug|Any CPU
		{C881905C-8C01-4562-93A1-15AC0D4AAAE4}.Debug|x64.ActiveCfg = Debug|Any CPU
		{C881905C-8C01-4562-93A1-15AC0D4AAAE4}.Debug|x64.Build.0 = Debug|Any CPU
		{C881905C-8C01-4562-93A1-15AC0D4AAAE4}.Debug|x86.ActiveCfg = Debug|Any CPU
		{C881905C-8C01-4562-93A1-15AC0D4AAAE4}.Debug|x86.Build.0 = Debug|Any CPU
		{C881905C-8C01-4562-93A1-15AC0D4AAAE4}.Release|Any CPU.ActiveCfg = Release|Any CPU
		{C881905C-8C01-4562-93A1-15AC0D4AAAE4}.Release|Any CPU.Build.0 = Release|Any CPU
		{C881905C-8C01-4562-93A1-15AC0D4AAAE4}.Release|x64.ActiveCfg = Release|Any CPU
		{C881905C-8C01-4562-93A1-15AC0D4AAAE4}.Release|x64.Build.0 = Release|Any CPU
		{C881905C-8C01-4562-93A1-15AC0D4AAAE4}.Release|x86.ActiveCfg = Release|Any CPU
		{C881905C-8C01-4562-93A1-15AC0D4AAAE4}.Release|x86.Build.0 = Release|Any CPU
		{93BC66B4-EAB5-4A30-9DD2-0A8473F18F30}.Debug|Any CPU.ActiveCfg = Debug|Any CPU
		{93BC66B4-EAB5-4A30-9DD2-0A8473F18F30}.Debug|Any CPU.Build.0 = Debug|Any CPU
		{93BC66B4-EAB5-4A30-9DD2-0A8473F18F30}.Debug|x64.ActiveCfg = Debug|Any CPU
		{93BC66B4-EAB5-4A30-9DD2-0A8473F18F30}.Debug|x64.Build.0 = Debug|Any CPU
		{93BC66B4-EAB5-4A30-9DD2-0A8473F18F30}.Debug|x86.ActiveCfg = Debug|Any CPU
		{93BC66B4-EAB5-4A30-9DD2-0A8473F18F30}.Debug|x86.Build.0 = Debug|Any CPU
		{93BC66B4-EAB5-4A30-9DD2-0A8473F18F30}.Release|Any CPU.ActiveCfg = Release|Any CPU
		{93BC66B4-EAB5-4A30-9DD2-0A8473F18F30}.Release|Any CPU.Build.0 = Release|Any CPU
		{93BC66B4-EAB5-4A30-9DD2-0A8473F18F30}.Release|x64.ActiveCfg = Release|Any CPU
		{93BC66B4-EAB5-4A30-9DD2-0A8473F18F30}.Release|x64.Build.0 = Release|Any CPU
		{93BC66B4-EAB5-4A30-9DD2-0A8473F18F30}.Release|x86.ActiveCfg = Release|Any CPU
		{93BC66B4-EAB5-4A30-9DD2-0A8473F18F30}.Release|x86.Build.0 = Release|Any CPU
		{AB05EF7F-62FE-42B9-9090-88A3297686D2}.Debug|Any CPU.ActiveCfg = Debug|Any CPU
		{AB05EF7F-62FE-42B9-9090-88A3297686D2}.Debug|Any CPU.Build.0 = Debug|Any CPU
		{AB05EF7F-62FE-42B9-9090-88A3297686D2}.Debug|x64.ActiveCfg = Debug|Any CPU
		{AB05EF7F-62FE-42B9-9090-88A3297686D2}.Debug|x64.Build.0 = Debug|Any CPU
		{AB05EF7F-62FE-42B9-9090-88A3297686D2}.Debug|x86.ActiveCfg = Debug|Any CPU
		{AB05EF7F-62FE-42B9-9090-88A3297686D2}.Debug|x86.Build.0 = Debug|Any CPU
		{AB05EF7F-62FE-42B9-9090-88A3297686D2}.Release|Any CPU.ActiveCfg = Release|Any CPU
		{AB05EF7F-62FE-42B9-9090-88A3297686D2}.Release|Any CPU.Build.0 = Release|Any CPU
		{AB05EF7F-62FE-42B9-9090-88A3297686D2}.Release|x64.ActiveCfg = Release|Any CPU
		{AB05EF7F-62FE-42B9-9090-88A3297686D2}.Release|x64.Build.0 = Release|Any CPU
		{AB05EF7F-62FE-42B9-9090-88A3297686D2}.Release|x86.ActiveCfg = Release|Any CPU
		{AB05EF7F-62FE-42B9-9090-88A3297686D2}.Release|x86.Build.0 = Release|Any CPU
		{B198444C-D7D5-4E46-9110-8EA90B3CB895}.Debug|Any CPU.ActiveCfg = Debug|Any CPU
		{B198444C-D7D5-4E46-9110-8EA90B3CB895}.Debug|Any CPU.Build.0 = Debug|Any CPU
		{B198444C-D7D5-4E46-9110-8EA90B3CB895}.Debug|x64.ActiveCfg = Debug|Any CPU
		{B198444C-D7D5-4E46-9110-8EA90B3CB895}.Debug|x64.Build.0 = Debug|Any CPU
		{B198444C-D7D5-4E46-9110-8EA90B3CB895}.Debug|x86.ActiveCfg = Debug|Any CPU
		{B198444C-D7D5-4E46-9110-8EA90B3CB895}.Debug|x86.Build.0 = Debug|Any CPU
		{B198444C-D7D5-4E46-9110-8EA90B3CB895}.Release|Any CPU.ActiveCfg = Release|Any CPU
		{B198444C-D7D5-4E46-9110-8EA90B3CB895}.Release|Any CPU.Build.0 = Release|Any CPU
		{B198444C-D7D5-4E46-9110-8EA90B3CB895}.Release|x64.ActiveCfg = Release|Any CPU
		{B198444C-D7D5-4E46-9110-8EA90B3CB895}.Release|x64.Build.0 = Release|Any CPU
		{B198444C-D7D5-4E46-9110-8EA90B3CB895}.Release|x86.ActiveCfg = Release|Any CPU
		{B198444C-D7D5-4E46-9110-8EA90B3CB895}.Release|x86.Build.0 = Release|Any CPU
		{38F8EFEA-A174-4476-ACAA-C5648098BAE2}.Debug|Any CPU.ActiveCfg = Debug|Any CPU
		{38F8EFEA-A174-4476-ACAA-C5648098BAE2}.Debug|Any CPU.Build.0 = Debug|Any CPU
		{38F8EFEA-A174-4476-ACAA-C5648098BAE2}.Debug|x64.ActiveCfg = Debug|Any CPU
		{38F8EFEA-A174-4476-ACAA-C5648098BAE2}.Debug|x64.Build.0 = Debug|Any CPU
		{38F8EFEA-A174-4476-ACAA-C5648098BAE2}.Debug|x86.ActiveCfg = Debug|Any CPU
		{38F8EFEA-A174-4476-ACAA-C5648098BAE2}.Debug|x86.Build.0 = Debug|Any CPU
		{38F8EFEA-A174-4476-ACAA-C5648098BAE2}.Release|Any CPU.ActiveCfg = Release|Any CPU
		{38F8EFEA-A174-4476-ACAA-C5648098BAE2}.Release|Any CPU.Build.0 = Release|Any CPU
		{38F8EFEA-A174-4476-ACAA-C5648098BAE2}.Release|x64.ActiveCfg = Release|Any CPU
		{38F8EFEA-A174-4476-ACAA-C5648098BAE2}.Release|x64.Build.0 = Release|Any CPU
		{38F8EFEA-A174-4476-ACAA-C5648098BAE2}.Release|x86.ActiveCfg = Release|Any CPU
		{38F8EFEA-A174-4476-ACAA-C5648098BAE2}.Release|x86.Build.0 = Release|Any CPU
	EndGlobalSection
	GlobalSection(SolutionProperties) = preSolution
		HideSolutionNode = FALSE
	EndGlobalSection
	GlobalSection(NestedProjects) = preSolution
		{57E39284-8B97-4E3C-8FA6-865F2B1D04E2} = {408EB1E5-21FC-4427-ACA7-D3065685472B}
		{90AD0C73-ACE9-4C3F-A355-94433CFBCCAC} = {408EB1E5-21FC-4427-ACA7-D3065685472B}
		{17DBC4A7-3253-4638-A723-B58820A4D49E} = {408EB1E5-21FC-4427-ACA7-D3065685472B}
		{4A4B28FE-DAEB-48A1-A60B-FC6CB9C03BE5} = {408EB1E5-21FC-4427-ACA7-D3065685472B}
		{2F13A797-A9D5-4670-BF2F-6AF5F5C56062} = {408EB1E5-21FC-4427-ACA7-D3065685472B}
		{6A8A878C-B08C-4BC4-92B1-E7706B014A29} = {408EB1E5-21FC-4427-ACA7-D3065685472B}
		{57BE572C-AE4F-4489-BB39-82BF8EDDD8E4} = {F8B22923-7B16-4042-A66B-186C83409235}
		{AB05EF7F-62FE-42B9-9090-88A3297686D2} = {408EB1E5-21FC-4427-ACA7-D3065685472B}
		{B198444C-D7D5-4E46-9110-8EA90B3CB895} = {408EB1E5-21FC-4427-ACA7-D3065685472B}
		{38F8EFEA-A174-4476-ACAA-C5648098BAE2} = {74DDE3CB-D21E-4530-BB00-8DC0F620D318}
	EndGlobalSection
	GlobalSection(ExtensibilityGlobals) = postSolution
		SolutionGuid = {EB071AFC-4949-4FB4-85F5-72325F142233}
	EndGlobalSection
EndGlobal
